
Microsoft Visual Studio Solution File, Format Version 12.00
# Visual Studio Version 17
VisualStudioVersion = 17.7.34024.191
MinimumVisualStudioVersion = 10.0.40219.1
Project("{FAE04EC0-301F-11D3-BF4B-00C04F79EFBC}") = "lab7", "homework14.10.23\lab7.csproj", "{57D8A72F-1C90-4890-B674-81E700F3F2A7}"
EndProject
Global
	GlobalSection(SolutionConfigurationPlatforms) = preSolution
		Debug|Any CPU = Debug|Any CPU
		Release|Any CPU = Release|Any CPU
	EndGlobalSection
	GlobalSection(ProjectConfigurationPlatforms) = postSolution
		{57D8A72F-1C90-4890-B674-81E700F3F2A7}.Debug|Any CPU.ActiveCfg = Debug|Any CPU
		{57D8A72F-1C90-4890-B674-81E700F3F2A7}.Debug|Any CPU.Build.0 = Debug|Any CPU
		{57D8A72F-1C90-4890-B674-81E700F3F2A7}.Release|Any CPU.ActiveCfg = Release|Any CPU
		{57D8A72F-1C90-4890-B674-81E700F3F2A7}.Release|Any CPU.Build.0 = Release|Any CPU
	EndGlobalSection
	GlobalSection(SolutionProperties) = preSolution
		HideSolutionNode = FALSE
	EndGlobalSection
	GlobalSection(ExtensibilityGlobals) = postSolution
		SolutionGuid = {A332D2D6-6371-41CC-AF2F-E8436916D00D}
	EndGlobalSection
EndGlobal
